
Microsoft Visual Studio Solution File, Format Version 12.00
# Visual Studio Version 17
VisualStudioVersion = 17.10.35004.147
MinimumVisualStudioVersion = 10.0.40219.1
Project("{9A19103F-16F7-4668-BE54-9A1E7A4F7556}") = "StreamNestServer", "StreamNestServer.csproj", "{5CC41842-DB2D-4617-87A4-3071C9D01835}"
EndProject
Global
	GlobalSection(SolutionConfigurationPlatforms) = preSolution
		Debug|Any CPU = Debug|Any CPU
		Release|Any CPU = Release|Any CPU
	EndGlobalSection
	GlobalSection(ProjectConfigurationPlatforms) = postSolution
		{5CC41842-DB2D-4617-87A4-3071C9D01835}.Debug|Any CPU.ActiveCfg = Debug|Any CPU
		{5CC41842-DB2D-4617-87A4-3071C9D01835}.Debug|Any CPU.Build.0 = Debug|Any CPU
		{5CC41842-DB2D-4617-87A4-3071C9D01835}.Release|Any CPU.ActiveCfg = Release|Any CPU
		{5CC41842-DB2D-4617-87A4-3071C9D01835}.Release|Any CPU.Build.0 = Release|Any CPU
	EndGlobalSection
	GlobalSection(SolutionProperties) = preSolution
		HideSolutionNode = FALSE
	EndGlobalSection
	GlobalSection(ExtensibilityGlobals) = postSolution
		SolutionGuid = {B82DF1C4-DC8F-4749-9736-05A44D0F8D0D}
	EndGlobalSection
EndGlobal
