
Microsoft Visual Studio Solution File, Format Version 12.00
# Visual Studio Version 17
VisualStudioVersion = 17.10.35004.147
MinimumVisualStudioVersion = 10.0.40219.1
Project("{9A19103F-16F7-4668-BE54-9A1E7A4F7556}") = "StreamNestServerUI", "StreamNestServerUI.csproj", "{2A98E882-D3F1-4277-A6DB-538A9250A156}"
EndProject
Global
	GlobalSection(SolutionConfigurationPlatforms) = preSolution
		Debug|Any CPU = Debug|Any CPU
		Release|Any CPU = Release|Any CPU
	EndGlobalSection
	GlobalSection(ProjectConfigurationPlatforms) = postSolution
		{2A98E882-D3F1-4277-A6DB-538A9250A156}.Debug|Any CPU.ActiveCfg = Debug|Any CPU
		{2A98E882-D3F1-4277-A6DB-538A9250A156}.Debug|Any CPU.Build.0 = Debug|Any CPU
		{2A98E882-D3F1-4277-A6DB-538A9250A156}.Release|Any CPU.ActiveCfg = Release|Any CPU
		{2A98E882-D3F1-4277-A6DB-538A9250A156}.Release|Any CPU.Build.0 = Release|Any CPU
	EndGlobalSection
	GlobalSection(SolutionProperties) = preSolution
		HideSolutionNode = FALSE
	EndGlobalSection
	GlobalSection(ExtensibilityGlobals) = postSolution
		SolutionGuid = {645F6870-6AC7-4896-9D62-0C3C792BA18D}
	EndGlobalSection
EndGlobal
